// !$*UTF8*$!
{
	archiveVersion = 1;
	classes = {
	};
	objectVersion = 55;
	objects = {

/* Begin PBXBuildFile section */
		728DC00627E845C700A5AE42 /* Loading.docc in Sources */ = {isa = PBXBuildFile; fileRef = 728DC00527E845C700A5AE42 /* Loading.docc */; };
		728DC00C27E845C700A5AE42 /* Loading.framework in Frameworks */ = {isa = PBXBuildFile; fileRef = 728DC00127E845C600A5AE42 /* Loading.framework */; };
		728DC01127E845C700A5AE42 /* LoadingTests.swift in Sources */ = {isa = PBXBuildFile; fileRef = 728DC01027E845C700A5AE42 /* LoadingTests.swift */; };
		728DC01227E845C700A5AE42 /* Loading.h in Headers */ = {isa = PBXBuildFile; fileRef = 728DC00427E845C600A5AE42 /* Loading.h */; settings = {ATTRIBUTES = (Public, ); }; };
		728DC01C27E8463000A5AE42 /* LoadingView.swift in Sources */ = {isa = PBXBuildFile; fileRef = 728DC01B27E8463000A5AE42 /* LoadingView.swift */; };
/* End PBXBuildFile section */

/* Begin PBXContainerItemProxy section */
		728DC00D27E845C700A5AE42 /* PBXContainerItemProxy */ = {
			isa = PBXContainerItemProxy;
			containerPortal = 728DBFF827E845C600A5AE42 /* Project object */;
			proxyType = 1;
			remoteGlobalIDString = 728DC00027E845C600A5AE42;
			remoteInfo = Loading;
		};
/* End PBXContainerItemProxy section */

/* Begin PBXFileReference section */
		728DC00127E845C600A5AE42 /* Loading.framework */ = {isa = PBXFileReference; explicitFileType = wrapper.framework; includeInIndex = 0; path = Loading.framework; sourceTree = BUILT_PRODUCTS_DIR; };
		728DC00427E845C600A5AE42 /* Loading.h */ = {isa = PBXFileReference; lastKnownFileType = sourcecode.c.h; path = Loading.h; sourceTree = "<group>"; };
		728DC00527E845C700A5AE42 /* Loading.docc */ = {isa = PBXFileReference; lastKnownFileType = folder.documentationcatalog; path = Loading.docc; sourceTree = "<group>"; };
		728DC00B27E845C700A5AE42 /* LoadingTests.xctest */ = {isa = PBXFileReference; explicitFileType = wrapper.cfbundle; includeInIndex = 0; path = LoadingTests.xctest; sourceTree = BUILT_PRODUCTS_DIR; };
		728DC01027E845C700A5AE42 /* LoadingTests.swift */ = {isa = PBXFileReference; lastKnownFileType = sourcecode.swift; path = LoadingTests.swift; sourceTree = "<group>"; };
		728DC01B27E8463000A5AE42 /* LoadingView.swift */ = {isa = PBXFileReference; lastKnownFileType = sourcecode.swift; path = LoadingView.swift; sourceTree = "<group>"; };
/* End PBXFileReference section */

/* Begin PBXFrameworksBuildPhase section */
		728DBFFE27E845C600A5AE42 /* Frameworks */ = {
			isa = PBXFrameworksBuildPhase;
			buildActionMask = 2147483647;
			files = (
			);
			runOnlyForDeploymentPostprocessing = 0;
		};
		728DC00827E845C700A5AE42 /* Frameworks */ = {
			isa = PBXFrameworksBuildPhase;
			buildActionMask = 2147483647;
			files = (
				728DC00C27E845C700A5AE42 /* Loading.framework in Frameworks */,
			);
			runOnlyForDeploymentPostprocessing = 0;
		};
/* End PBXFrameworksBuildPhase section */

/* Begin PBXGroup section */
		728DBFF727E845C600A5AE42 = {
			isa = PBXGroup;
			children = (
				728DC00327E845C600A5AE42 /* Loading */,
				728DC00F27E845C700A5AE42 /* LoadingTests */,
				728DC00227E845C600A5AE42 /* Products */,
			);
			sourceTree = "<group>";
		};
		728DC00227E845C600A5AE42 /* Products */ = {
			isa = PBXGroup;
			children = (
				728DC00127E845C600A5AE42 /* Loading.framework */,
				728DC00B27E845C700A5AE42 /* LoadingTests.xctest */,
			);
			name = Products;
			sourceTree = "<group>";
		};
		728DC00327E845C600A5AE42 /* Loading */ = {
			isa = PBXGroup;
			children = (
				728DC01D27E8463B00A5AE42 /* CustomView */,
				728DC00427E845C600A5AE42 /* Loading.h */,
				728DC00527E845C700A5AE42 /* Loading.docc */,
			);
			path = Loading;
			sourceTree = "<group>";
		};
		728DC00F27E845C700A5AE42 /* LoadingTests */ = {
			isa = PBXGroup;
			children = (
				728DC01027E845C700A5AE42 /* LoadingTests.swift */,
			);
			path = LoadingTests;
			sourceTree = "<group>";
		};
		728DC01D27E8463B00A5AE42 /* CustomView */ = {
			isa = PBXGroup;
			children = (
				728DC01B27E8463000A5AE42 /* LoadingView.swift */,
			);
			path = CustomView;
			sourceTree = "<group>";
		};
/* End PBXGroup section */

/* Begin PBXHeadersBuildPhase section */
		728DBFFC27E845C600A5AE42 /* Headers */ = {
			isa = PBXHeadersBuildPhase;
			buildActionMask = 2147483647;
			files = (
				728DC01227E845C700A5AE42 /* Loading.h in Headers */,
			);
			runOnlyForDeploymentPostprocessing = 0;
		};
/* End PBXHeadersBuildPhase section */

/* Begin PBXNativeTarget section */
		728DC00027E845C600A5AE42 /* Loading */ = {
			isa = PBXNativeTarget;
			buildConfigurationList = 728DC01527E845C700A5AE42 /* Build configuration list for PBXNativeTarget "Loading" */;
			buildPhases = (
				728DBFFC27E845C600A5AE42 /* Headers */,
				728DBFFD27E845C600A5AE42 /* Sources */,
				728DBFFE27E845C600A5AE42 /* Frameworks */,
				728DBFFF27E845C600A5AE42 /* Resources */,
			);
			buildRules = (
			);
			dependencies = (
			);
			name = Loading;
			productName = Loading;
			productReference = 728DC00127E845C600A5AE42 /* Loading.framework */;
			productType = "com.apple.product-type.framework";
		};
		728DC00A27E845C700A5AE42 /* LoadingTests */ = {
			isa = PBXNativeTarget;
			buildConfigurationList = 728DC01827E845C700A5AE42 /* Build configuration list for PBXNativeTarget "LoadingTests" */;
			buildPhases = (
				728DC00727E845C700A5AE42 /* Sources */,
				728DC00827E845C700A5AE42 /* Frameworks */,
				728DC00927E845C700A5AE42 /* Resources */,
			);
			buildRules = (
			);
			dependencies = (
				728DC00E27E845C700A5AE42 /* PBXTargetDependency */,
			);
			name = LoadingTests;
			productName = LoadingTests;
			productReference = 728DC00B27E845C700A5AE42 /* LoadingTests.xctest */;
			productType = "com.apple.product-type.bundle.unit-test";
		};
/* End PBXNativeTarget section */

/* Begin PBXProject section */
		728DBFF827E845C600A5AE42 /* Project object */ = {
			isa = PBXProject;
			attributes = {
				BuildIndependentTargetsInParallel = 1;
				LastSwiftUpdateCheck = 1300;
				LastUpgradeCheck = 1300;
				TargetAttributes = {
					728DC00027E845C600A5AE42 = {
						CreatedOnToolsVersion = 13.0;
					};
					728DC00A27E845C700A5AE42 = {
						CreatedOnToolsVersion = 13.0;
					};
				};
			};
			buildConfigurationList = 728DBFFB27E845C600A5AE42 /* Build configuration list for PBXProject "Loading" */;
			compatibilityVersion = "Xcode 13.0";
			developmentRegion = en;
			hasScannedForEncodings = 0;
			knownRegions = (
				en,
				Base,
			);
			mainGroup = 728DBFF727E845C600A5AE42;
			productRefGroup = 728DC00227E845C600A5AE42 /* Products */;
			projectDirPath = "";
			projectRoot = "";
			targets = (
				728DC00027E845C600A5AE42 /* Loading */,
				728DC00A27E845C700A5AE42 /* LoadingTests */,
			);
		};
/* End PBXProject section */

/* Begin PBXResourcesBuildPhase section */
		728DBFFF27E845C600A5AE42 /* Resources */ = {
			isa = PBXResourcesBuildPhase;
			buildActionMask = 2147483647;
			files = (
			);
			runOnlyForDeploymentPostprocessing = 0;
		};
		728DC00927E845C700A5AE42 /* Resources */ = {
			isa = PBXResourcesBuildPhase;
			buildActionMask = 2147483647;
			files = (
			);
			runOnlyForDeploymentPostprocessing = 0;
		};
/* End PBXResourcesBuildPhase section */

/* Begin PBXSourcesBuildPhase section */
		728DBFFD27E845C600A5AE42 /* Sources */ = {
			isa = PBXSourcesBuildPhase;
			buildActionMask = 2147483647;
			files = (
				728DC00627E845C700A5AE42 /* Loading.docc in Sources */,
				728DC01C27E8463000A5AE42 /* LoadingView.swift in Sources */,
			);
			runOnlyForDeploymentPostprocessing = 0;
		};
		728DC00727E845C700A5AE42 /* Sources */ = {
			isa = PBXSourcesBuildPhase;
			buildActionMask = 2147483647;
			files = (
				728DC01127E845C700A5AE42 /* LoadingTests.swift in Sources */,
			);
			runOnlyForDeploymentPostprocessing = 0;
		};
/* End PBXSourcesBuildPhase section */

/* Begin PBXTargetDependency section */
		728DC00E27E845C700A5AE42 /* PBXTargetDependency */ = {
			isa = PBXTargetDependency;
			target = 728DC00027E845C600A5AE42 /* Loading */;
			targetProxy = 728DC00D27E845C700A5AE42 /* PBXContainerItemProxy */;
		};
/* End PBXTargetDependency section */

/* Begin XCBuildConfiguration section */
		728DC01327E845C700A5AE42 /* Debug */ = {
			isa = XCBuildConfiguration;
			buildSettings = {
				ALWAYS_SEARCH_USER_PATHS = NO;
				CLANG_ANALYZER_NONNULL = YES;
				CLANG_ANALYZER_NUMBER_OBJECT_CONVERSION = YES_AGGRESSIVE;
				CLANG_CXX_LANGUAGE_STANDARD = "gnu++17";
				CLANG_CXX_LIBRARY = "libc++";
				CLANG_ENABLE_MODULES = YES;
				CLANG_ENABLE_OBJC_ARC = YES;
				CLANG_ENABLE_OBJC_WEAK = YES;
				CLANG_WARN_BLOCK_CAPTURE_AUTORELEASING = YES;
				CLANG_WARN_BOOL_CONVERSION = YES;
				CLANG_WARN_COMMA = YES;
				CLANG_WARN_CONSTANT_CONVERSION = YES;
				CLANG_WARN_DEPRECATED_OBJC_IMPLEMENTATIONS = YES;
				CLANG_WARN_DIRECT_OBJC_ISA_USAGE = YES_ERROR;
				CLANG_WARN_DOCUMENTATION_COMMENTS = YES;
				CLANG_WARN_EMPTY_BODY = YES;
				CLANG_WARN_ENUM_CONVERSION = YES;
				CLANG_WARN_INFINITE_RECURSION = YES;
				CLANG_WARN_INT_CONVERSION = YES;
				CLANG_WARN_NON_LITERAL_NULL_CONVERSION = YES;
				CLANG_WARN_OBJC_IMPLICIT_RETAIN_SELF = YES;
				CLANG_WARN_OBJC_LITERAL_CONVERSION = YES;
				CLANG_WARN_OBJC_ROOT_CLASS = YES_ERROR;
				CLANG_WARN_QUOTED_INCLUDE_IN_FRAMEWORK_HEADER = YES;
				CLANG_WARN_RANGE_LOOP_ANALYSIS = YES;
				CLANG_WARN_STRICT_PROTOTYPES = YES;
				CLANG_WARN_SUSPICIOUS_MOVE = YES;
				CLANG_WARN_UNGUARDED_AVAILABILITY = YES_AGGRESSIVE;
				CLANG_WARN_UNREACHABLE_CODE = YES;
				CLANG_WARN__DUPLICATE_METHOD_MATCH = YES;
				COPY_PHASE_STRIP = NO;
				CURRENT_PROJECT_VERSION = 1;
				DEBUG_INFORMATION_FORMAT = dwarf;
				ENABLE_STRICT_OBJC_MSGSEND = YES;
				ENABLE_TESTABILITY = YES;
				GCC_C_LANGUAGE_STANDARD = gnu11;
				GCC_DYNAMIC_NO_PIC = NO;
				GCC_NO_COMMON_BLOCKS = YES;
				GCC_OPTIMIZATION_LEVEL = 0;
				GCC_PREPROCESSOR_DEFINITIONS = (
					"DEBUG=1",
					"$(inherited)",
				);
				GCC_WARN_64_TO_32_BIT_CONVERSION = YES;
				GCC_WARN_ABOUT_RETURN_TYPE = YES_ERROR;
				GCC_WARN_UNDECLARED_SELECTOR = YES;
				GCC_WARN_UNINITIALIZED_AUTOS = YES_AGGRESSIVE;
				GCC_WARN_UNUSED_FUNCTION = YES;
				GCC_WARN_UNUSED_VARIABLE = YES;
				IPHONEOS_DEPLOYMENT_TARGET = 10.0;
				MTL_ENABLE_DEBUG_INFO = INCLUDE_SOURCE;
				MTL_FAST_MATH = YES;
				ONLY_ACTIVE_ARCH = YES;
				SDKROOT = iphoneos;
				SWIFT_ACTIVE_COMPILATION_CONDITIONS = DEBUG;
				SWIFT_OPTIMIZATION_LEVEL = "-Onone";
				VERSIONING_SYSTEM = "apple-generic";
				VERSION_INFO_PREFIX = "";
			};
			name = Debug;
		};
		728DC01427E845C700A5AE42 /* Release */ = {
			isa = XCBuildConfiguration;
			buildSettings = {
				ALWAYS_SEARCH_USER_PATHS = NO;
				CLANG_ANALYZER_NONNULL = YES;
				CLANG_ANALYZER_NUMBER_OBJECT_CONVERSION = YES_AGGRESSIVE;
				CLANG_CXX_LANGUAGE_STANDARD = "gnu++17";
				CLANG_CXX_LIBRARY = "libc++";
				CLANG_ENABLE_MODULES = YES;
				CLANG_ENABLE_OBJC_ARC = YES;
				CLANG_ENABLE_OBJC_WEAK = YES;
				CLANG_WARN_BLOCK_CAPTURE_AUTORELEASING = YES;
				CLANG_WARN_BOOL_CONVERSION = YES;
				CLANG_WARN_COMMA = YES;
				CLANG_WARN_CONSTANT_CONVERSION = YES;
				CLANG_WARN_DEPRECATED_OBJC_IMPLEMENTATIONS = YES;
				CLANG_WARN_DIRECT_OBJC_ISA_USAGE = YES_ERROR;
				CLANG_WARN_DOCUMENTATION_COMMENTS = YES;
				CLANG_WARN_EMPTY_BODY = YES;
				CLANG_WARN_ENUM_CONVERSION = YES;
				CLANG_WARN_INFINITE_RECURSION = YES;
				CLANG_WARN_INT_CONVERSION = YES;
				CLANG_WARN_NON_LITERAL_NULL_CONVERSION = YES;
				CLANG_WARN_OBJC_IMPLICIT_RETAIN_SELF = YES;
				CLANG_WARN_OBJC_LITERAL_CONVERSION = YES;
				CLANG_WARN_OBJC_ROOT_CLASS = YES_ERROR;
				CLANG_WARN_QUOTED_INCLUDE_IN_FRAMEWORK_HEADER = YES;
				CLANG_WARN_RANGE_LOOP_ANALYSIS = YES;
				CLANG_WARN_STRICT_PROTOTYPES = YES;
				CLANG_WARN_SUSPICIOUS_MOVE = YES;
				CLANG_WARN_UNGUARDED_AVAILABILITY = YES_AGGRESSIVE;
				CLANG_WARN_UNREACHABLE_CODE = YES;
				CLANG_WARN__DUPLICATE_METHOD_MATCH = YES;
				COPY_PHASE_STRIP = NO;
				CURRENT_PROJECT_VERSION = 1;
				DEBUG_INFORMATION_FORMAT = "dwarf-with-dsym";
				ENABLE_NS_ASSERTIONS = NO;
				ENABLE_STRICT_OBJC_MSGSEND = YES;
				GCC_C_LANGUAGE_STANDARD = gnu11;
				GCC_NO_COMMON_BLOCKS = YES;
				GCC_WARN_64_TO_32_BIT_CONVERSION = YES;
				GCC_WARN_ABOUT_RETURN_TYPE = YES_ERROR;
				GCC_WARN_UNDECLARED_SELECTOR = YES;
				GCC_WARN_UNINITIALIZED_AUTOS = YES_AGGRESSIVE;
				GCC_WARN_UNUSED_FUNCTION = YES;
				GCC_WARN_UNUSED_VARIABLE = YES;
				IPHONEOS_DEPLOYMENT_TARGET = 10.0;
				MTL_ENABLE_DEBUG_INFO = NO;
				MTL_FAST_MATH = YES;
				SDKROOT = iphoneos;
				SWIFT_COMPILATION_MODE = wholemodule;
				SWIFT_OPTIMIZATION_LEVEL = "-O";
				VALIDATE_PRODUCT = YES;
				VERSIONING_SYSTEM = "apple-generic";
				VERSION_INFO_PREFIX = "";
			};
			name = Release;
		};
		728DC01627E845C700A5AE42 /* Debug */ = {
			isa = XCBuildConfiguration;
			buildSettings = {
				BUILD_LIBRARY_FOR_DISTRIBUTION = YES;
				CODE_SIGN_STYLE = Automatic;
				CURRENT_PROJECT_VERSION = 1;
				DEBUG_INFORMATION_FORMAT = "dwarf-with-dsym";
				DEFINES_MODULE = YES;
				DEVELOPMENT_TEAM = H9Y26B6GZB;
				DYLIB_COMPATIBILITY_VERSION = 1;
				DYLIB_CURRENT_VERSION = 1;
				DYLIB_INSTALL_NAME_BASE = "@rpath";
				GENERATE_INFOPLIST_FILE = YES;
				INFOPLIST_KEY_NSHumanReadableCopyright = "";
				INSTALL_PATH = "$(LOCAL_LIBRARY_DIR)/Frameworks";
				IPHONEOS_DEPLOYMENT_TARGET = 10.0;
				LD_RUNPATH_SEARCH_PATHS = (
					"$(inherited)",
					"@executable_path/Frameworks",
					"@loader_path/Frameworks",
				);
				MARKETING_VERSION = 1.0;
				PRODUCT_BUNDLE_IDENTIFIER = com.jan.Loading;
				PRODUCT_NAME = "$(TARGET_NAME:c99extidentifier)";
				SKIP_INSTALL = YES;
				SUPPORTS_MACCATALYST = NO;
				SWIFT_EMIT_LOC_STRINGS = YES;
				SWIFT_VERSION = 5.0;
				TARGETED_DEVICE_FAMILY = "1,2";
			};
			name = Debug;
		};
		728DC01727E845C700A5AE42 /* Release */ = {
			isa = XCBuildConfiguration;
			buildSettings = {
				BUILD_LIBRARY_FOR_DISTRIBUTION = YES;
				CODE_SIGN_STYLE = Automatic;
				CURRENT_PROJECT_VERSION = 1;
				DEFINES_MODULE = YES;
				DEVELOPMENT_TEAM = H9Y26B6GZB;
				DYLIB_COMPATIBILITY_VERSION = 1;
				DYLIB_CURRENT_VERSION = 1;
				DYLIB_INSTALL_NAME_BASE = "@rpath";
				GENERATE_INFOPLIST_FILE = YES;
				INFOPLIST_KEY_NSHumanReadableCopyright = "";
				INSTALL_PATH = "$(LOCAL_LIBRARY_DIR)/Frameworks";
				IPHONEOS_DEPLOYMENT_TARGET = 10.0;
				LD_RUNPATH_SEARCH_PATHS = (
					"$(inherited)",
					"@executable_path/Frameworks",
					"@loader_path/Frameworks",
				);
				MARKETING_VERSION = 1.0;
				PRODUCT_BUNDLE_IDENTIFIER = com.jan.Loading;
				PRODUCT_NAME = "$(TARGET_NAME:c99extidentifier)";
				SKIP_INSTALL = YES;
				SUPPORTS_MACCATALYST = NO;
				SWIFT_EMIT_LOC_STRINGS = YES;
				SWIFT_VERSION = 5.0;
				TARGETED_DEVICE_FAMILY = "1,2";
			};
			name = Release;
		};
		728DC01927E845C700A5AE42 /* Debug */ = {
			isa = XCBuildConfiguration;
			buildSettings = {
				ALWAYS_EMBED_SWIFT_STANDARD_LIBRARIES = YES;
				CODE_SIGN_STYLE = Automatic;
				CURRENT_PROJECT_VERSION = 1;
				DEVELOPMENT_TEAM = H9Y26B6GZB;
				GENERATE_INFOPLIST_FILE = YES;
				LD_RUNPATH_SEARCH_PATHS = (
					"$(inherited)",
					"@executable_path/Frameworks",
					"@loader_path/Frameworks",
				);
				MARKETING_VERSION = 1.0;
				PRODUCT_BUNDLE_IDENTIFIER = com.jan.LoadingTests;
				PRODUCT_NAME = "$(TARGET_NAME)";
				SWIFT_EMIT_LOC_STRINGS = NO;
				SWIFT_VERSION = 5.0;
				TARGETED_DEVICE_FAMILY = "1,2";
			};
			name = Debug;
		};
		728DC01A27E845C700A5AE42 /* Release */ = {
			isa = XCBuildConfiguration;
			buildSettings = {
				ALWAYS_EMBED_SWIFT_STANDARD_LIBRARIES = YES;
				CODE_SIGN_STYLE = Automatic;
				CURRENT_PROJECT_VERSION = 1;
				DEVELOPMENT_TEAM = H9Y26B6GZB;
				GENERATE_INFOPLIST_FILE = YES;
				LD_RUNPATH_SEARCH_PATHS = (
					"$(inherited)",
					"@executable_path/Frameworks",
					"@loader_path/Frameworks",
				);
				MARKETING_VERSION = 1.0;
				PRODUCT_BUNDLE_IDENTIFIER = com.jan.LoadingTests;
				PRODUCT_NAME = "$(TARGET_NAME)";
				SWIFT_EMIT_LOC_STRINGS = NO;
				SWIFT_VERSION = 5.0;
				TARGETED_DEVICE_FAMILY = "1,2";
			};
			name = Release;
		};
/* End XCBuildConfiguration section */

/* Begin XCConfigurationList section */
		728DBFFB27E845C600A5AE42 /* Build configuration list for PBXProject "Loading" */ = {
			isa = XCConfigurationList;
			buildConfigurations = (
				728DC01327E845C700A5AE42 /* Debug */,
				728DC01427E845C700A5AE42 /* Release */,
			);
			defaultConfigurationIsVisible = 0;
			defaultConfigurationName = Release;
		};
		728DC01527E845C700A5AE42 /* Build configuration list for PBXNativeTarget "Loading" */ = {
			isa = XCConfigurationList;
			buildConfigurations = (
				728DC01627E845C700A5AE42 /* Debug */,
				728DC01727E845C700A5AE42 /* Release */,
			);
			defaultConfigurationIsVisible = 0;
			defaultConfigurationName = Release;
		};
		728DC01827E845C700A5AE42 /* Build configuration list for PBXNativeTarget "LoadingTests" */ = {
			isa = XCConfigurationList;
			buildConfigurations = (
				728DC01927E845C700A5AE42 /* Debug */,
				728DC01A27E845C700A5AE42 /* Release */,
			);
			defaultConfigurationIsVisible = 0;
			defaultConfigurationName = Release;
		};
/* End XCConfigurationList section */
	};
	rootObject = 728DBFF827E845C600A5AE42 /* Project object */;
}
